
Microsoft Visual Studio Solution File, Format Version 12.00
# Visual Studio Version 16
VisualStudioVersion = 16.0.30011.22
MinimumVisualStudioVersion = 10.0.40219.1
Project("{FAE04EC0-301F-11D3-BF4B-00C04F79EFBC}") = "KenpoWorkout.Android", "KenpoWorkout\KenpoWorkout.Android\KenpoWorkout.Android.csproj", "{E1FC19E6-A581-41A5-A815-598F7B944416}"
EndProject
Project("{FAE04EC0-301F-11D3-BF4B-00C04F79EFBC}") = "KenpoWorkout.iOS", "KenpoWorkout\KenpoWorkout.iOS\KenpoWorkout.iOS.csproj", "{89A77B31-8513-4F26-9716-19757C95420C}"
EndProject
Project("{FAE04EC0-301F-11D3-BF4B-00C04F79EFBC}") = "KenpoWorkout", "KenpoWorkout\KenpoWorkout\KenpoWorkout.csproj", "{35508979-1FCB-4AFA-B1C5-31A804009F5B}"
EndProject
Global
	GlobalSection(SolutionConfigurationPlatforms) = preSolution
		Debug|Any CPU = Debug|Any CPU
		Debug|iPhone = Debug|iPhone
		Debug|iPhoneSimulator = Debug|iPhoneSimulator
		Release|Any CPU = Release|Any CPU
		Release|iPhone = Release|iPhone
		Release|iPhoneSimulator = Release|iPhoneSimulator
	EndGlobalSection
	GlobalSection(ProjectConfigurationPlatforms) = postSolution
		{E1FC19E6-A581-41A5-A815-598F7B944416}.Debug|Any CPU.ActiveCfg = Debug|Any CPU
		{E1FC19E6-A581-41A5-A815-598F7B944416}.Debug|Any CPU.Build.0 = Debug|Any CPU
		{E1FC19E6-A581-41A5-A815-598F7B944416}.Debug|Any CPU.Deploy.0 = Debug|Any CPU
		{E1FC19E6-A581-41A5-A815-598F7B944416}.Debug|iPhone.ActiveCfg = Debug|Any CPU
		{E1FC19E6-A581-41A5-A815-598F7B944416}.Debug|iPhone.Build.0 = Debug|Any CPU
		{E1FC19E6-A581-41A5-A815-598F7B944416}.Debug|iPhone.Deploy.0 = Debug|Any CPU
		{E1FC19E6-A581-41A5-A815-598F7B944416}.Debug|iPhoneSimulator.ActiveCfg = Debug|Any CPU
		{E1FC19E6-A581-41A5-A815-598F7B944416}.Debug|iPhoneSimulator.Build.0 = Debug|Any CPU
		{E1FC19E6-A581-41A5-A815-598F7B944416}.Debug|iPhoneSimulator.Deploy.0 = Debug|Any CPU
		{E1FC19E6-A581-41A5-A815-598F7B944416}.Release|Any CPU.ActiveCfg = Release|Any CPU
		{E1FC19E6-A581-41A5-A815-598F7B944416}.Release|Any CPU.Build.0 = Release|Any CPU
		{E1FC19E6-A581-41A5-A815-598F7B944416}.Release|Any CPU.Deploy.0 = Release|Any CPU
		{E1FC19E6-A581-41A5-A815-598F7B944416}.Release|iPhone.ActiveCfg = Release|Any CPU
		{E1FC19E6-A581-41A5-A815-598F7B944416}.Release|iPhone.Build.0 = Release|Any CPU
		{E1FC19E6-A581-41A5-A815-598F7B944416}.Release|iPhone.Deploy.0 = Release|Any CPU
		{E1FC19E6-A581-41A5-A815-598F7B944416}.Release|iPhoneSimulator.ActiveCfg = Release|Any CPU
		{E1FC19E6-A581-41A5-A815-598F7B944416}.Release|iPhoneSimulator.Build.0 = Release|Any CPU
		{E1FC19E6-A581-41A5-A815-598F7B944416}.Release|iPhoneSimulator.Deploy.0 = Release|Any CPU
		{89A77B31-8513-4F26-9716-19757C95420C}.Debug|Any CPU.ActiveCfg = Debug|iPhone
		{89A77B31-8513-4F26-9716-19757C95420C}.Debug|Any CPU.Build.0 = Debug|iPhone
		{89A77B31-8513-4F26-9716-19757C95420C}.Debug|Any CPU.Deploy.0 = Debug|iPhone
		{89A77B31-8513-4F26-9716-19757C95420C}.Debug|iPhone.ActiveCfg = Debug|iPhone
		{89A77B31-8513-4F26-9716-19757C95420C}.Debug|iPhone.Build.0 = Debug|iPhone
		{89A77B31-8513-4F26-9716-19757C95420C}.Debug|iPhone.Deploy.0 = Debug|iPhone
		{89A77B31-8513-4F26-9716-19757C95420C}.Debug|iPhoneSimulator.ActiveCfg = Debug|iPhoneSimulator
		{89A77B31-8513-4F26-9716-19757C95420C}.Debug|iPhoneSimulator.Build.0 = Debug|iPhoneSimulator
		{89A77B31-8513-4F26-9716-19757C95420C}.Debug|iPhoneSimulator.Deploy.0 = Debug|iPhoneSimulator
		{89A77B31-8513-4F26-9716-19757C95420C}.Release|Any CPU.ActiveCfg = Release|iPhone
		{89A77B31-8513-4F26-9716-19757C95420C}.Release|Any CPU.Build.0 = Release|iPhone
		{89A77B31-8513-4F26-9716-19757C95420C}.Release|Any CPU.Deploy.0 = Release|iPhone
		{89A77B31-8513-4F26-9716-19757C95420C}.Release|iPhone.ActiveCfg = Release|iPhone
		{89A77B31-8513-4F26-9716-19757C95420C}.Release|iPhone.Build.0 = Release|iPhone
		{89A77B31-8513-4F26-9716-19757C95420C}.Release|iPhone.Deploy.0 = Release|iPhone
		{89A77B31-8513-4F26-9716-19757C95420C}.Release|iPhoneSimulator.ActiveCfg = Release|iPhoneSimulator
		{89A77B31-8513-4F26-9716-19757C95420C}.Release|iPhoneSimulator.Build.0 = Release|iPhoneSimulator
		{89A77B31-8513-4F26-9716-19757C95420C}.Release|iPhoneSimulator.Deploy.0 = Release|iPhoneSimulator
		{35508979-1FCB-4AFA-B1C5-31A804009F5B}.Debug|Any CPU.ActiveCfg = Debug|Any CPU
		{35508979-1FCB-4AFA-B1C5-31A804009F5B}.Debug|Any CPU.Build.0 = Debug|Any CPU
		{35508979-1FCB-4AFA-B1C5-31A804009F5B}.Debug|Any CPU.Deploy.0 = Debug|Any CPU
		{35508979-1FCB-4AFA-B1C5-31A804009F5B}.Debug|iPhone.ActiveCfg = Debug|Any CPU
		{35508979-1FCB-4AFA-B1C5-31A804009F5B}.Debug|iPhone.Build.0 = Debug|Any CPU
		{35508979-1FCB-4AFA-B1C5-31A804009F5B}.Debug|iPhone.Deploy.0 = Debug|Any CPU
		{35508979-1FCB-4AFA-B1C5-31A804009F5B}.Debug|iPhoneSimulator.ActiveCfg = Debug|Any CPU
		{35508979-1FCB-4AFA-B1C5-31A804009F5B}.Debug|iPhoneSimulator.Build.0 = Debug|Any CPU
		{35508979-1FCB-4AFA-B1C5-31A804009F5B}.Debug|iPhoneSimulator.Deploy.0 = Debug|Any CPU
		{35508979-1FCB-4AFA-B1C5-31A804009F5B}.Release|Any CPU.ActiveCfg = Release|Any CPU
		{35508979-1FCB-4AFA-B1C5-31A804009F5B}.Release|Any CPU.Build.0 = Release|Any CPU
		{35508979-1FCB-4AFA-B1C5-31A804009F5B}.Release|Any CPU.Deploy.0 = Release|Any CPU
		{35508979-1FCB-4AFA-B1C5-31A804009F5B}.Release|iPhone.ActiveCfg = Release|Any CPU
		{35508979-1FCB-4AFA-B1C5-31A804009F5B}.Release|iPhone.Build.0 = Release|Any CPU
		{35508979-1FCB-4AFA-B1C5-31A804009F5B}.Release|iPhone.Deploy.0 = Release|Any CPU
		{35508979-1FCB-4AFA-B1C5-31A804009F5B}.Release|iPhoneSimulator.ActiveCfg = Release|Any CPU
		{35508979-1FCB-4AFA-B1C5-31A804009F5B}.Release|iPhoneSimulator.Build.0 = Release|Any CPU
		{35508979-1FCB-4AFA-B1C5-31A804009F5B}.Release|iPhoneSimulator.Deploy.0 = Release|Any CPU
	EndGlobalSection
	GlobalSection(SolutionProperties) = preSolution
		HideSolutionNode = FALSE
	EndGlobalSection
	GlobalSection(ExtensibilityGlobals) = postSolution
		SolutionGuid = {09452FE4-6326-4867-8413-E4F92691430F}
	EndGlobalSection
EndGlobal
